
Microsoft Visual Studio Solution File, Format Version 12.00
# Visual Studio Version 17
VisualStudioVersion = 17.11.35303.130
MinimumVisualStudioVersion = 10.0.40219.1
Project("{2150E333-8FDC-42A3-9474-1A3956D46DE8}") = "Task0", "Task0", "{4B36B9E4-C585-4161-B4F8-0D3CAE0D7366}"
EndProject
Project("{FAE04EC0-301F-11D3-BF4B-00C04F79EFBC}") = "Tyuiu.ZainetdinovRA.Sprint0.Task0.V0", "Tyuiu.ZainetdinovRA.Sprint0.Task0.V0\Tyuiu.ZainetdinovRA.Sprint0.Task0.V0.csproj", "{BDE790C4-0824-4F8F-BF13-72BE13A94108}"
EndProject
Project("{2150E333-8FDC-42A3-9474-1A3956D46DE8}") = "Task1", "Task1", "{2F444AE1-29FD-4008-B808-ED0A572B82EF}"
EndProject
Project("{FAE04EC0-301F-11D3-BF4B-00C04F79EFBC}") = "Tyuiu.ZainetdinovRA.Sprint0.Task1.V0", "Tyuiu.ZainetdinovRA.Sprint0.Task1.V0\Tyuiu.ZainetdinovRA.Sprint0.Task1.V0.csproj", "{83B26489-0081-442F-BCED-7F15EB8CC6AA}"
EndProject
Project("{2150E333-8FDC-42A3-9474-1A3956D46DE8}") = "Task2", "Task2", "{A314AAE7-C956-4B1D-BDAC-8734E0181E55}"
EndProject
Project("{FAE04EC0-301F-11D3-BF4B-00C04F79EFBC}") = "Tyuiu.ZainetdinovRA.Sprint0.Task2.V0", "Tyuiu.ZainetdinovRA.Sprint0.Task2.V0\Tyuiu.ZainetdinovRA.Sprint0.Task2.V0.csproj", "{F792C730-5B3D-41C1-9ACF-9691F1D90749}"
EndProject
Project("{FAE04EC0-301F-11D3-BF4B-00C04F79EFBC}") = "Tyuiu.ZainetdinovRA.Sprint0.Task2.V0.Lib", "Tyuiu.ZainetdinovRA.Sprint0.Task2.V0.Lib\Tyuiu.ZainetdinovRA.Sprint0.Task2.V0.Lib.csproj", "{1C12EE69-F662-4336-9ADE-3B1645A7114C}"
EndProject
Project("{FAE04EC0-301F-11D3-BF4B-00C04F79EFBC}") = "Tyuiu.ZainetdinovRA.Sprint0.Task2.V0.Test", "Tyuiu.ZainetdinovRA.Sprint0.Task2.V0.Test\Tyuiu.ZainetdinovRA.Sprint0.Task2.V0.Test.csproj", "{E55676EE-2434-4F7B-89B6-F65546533DE4}"
EndProject
Project("{2150E333-8FDC-42A3-9474-1A3956D46DE8}") = "Task3", "Task3", "{FC13BD8D-7117-4DF8-8CF4-39A8274FE459}"
EndProject
Project("{FAE04EC0-301F-11D3-BF4B-00C04F79EFBC}") = "Tyuiu.ZainetdinovRA.Sprint0.Task3.V0", "Tyuiu.ZainetdinovRA.Sprint0.Task3.V0\Tyuiu.ZainetdinovRA.Sprint0.Task3.V0.csproj", "{20F51B5F-B93E-4480-9762-1362A1509DDD}"
EndProject
Project("{FAE04EC0-301F-11D3-BF4B-00C04F79EFBC}") = "Tyuiu.ZainetdinovRA.Sprint0.Task3.V0.Lib", "Tyuiu.ZainetdinovRA.Sprint0.Task3.V0.Lib\Tyuiu.ZainetdinovRA.Sprint0.Task3.V0.Lib.csproj", "{ABEEA71B-ED4F-4820-9760-CF92EB137570}"
EndProject
Project("{FAE04EC0-301F-11D3-BF4B-00C04F79EFBC}") = "Tyuiu.ZainetdinovRA.Sprint0.Task3.V0.Test", "Tyuiu.ZainetdinovRA.Sprint0.Task3.V0.Test\Tyuiu.ZainetdinovRA.Sprint0.Task3.V0.Test.csproj", "{823C4927-AC59-4DB6-89C5-15CEDFB2E4A5}"
EndProject
Project("{2150E333-8FDC-42A3-9474-1A3956D46DE8}") = "Task4", "Task4", "{6653CB71-91A9-41C7-B6A2-B2984773B61D}"
EndProject
Project("{FAE04EC0-301F-11D3-BF4B-00C04F79EFBC}") = "Tyuiu.ZainetdinovRA.Sprint0.Task4.V0", "Tyuiu.ZainetdinovRA.Sprint0.Task4.V0\Tyuiu.ZainetdinovRA.Sprint0.Task4.V0.csproj", "{5F5B9412-DA97-4C9B-9B85-6EFCED376D58}"
EndProject
Project("{FAE04EC0-301F-11D3-BF4B-00C04F79EFBC}") = "Tyuiu.ZainetdinovRA.Sprint0.Task4.V0.Lib", "Tyuiu.ZainetdinovRA.Sprint0.Task4.V0.Lib\Tyuiu.ZainetdinovRA.Sprint0.Task4.V0.Lib.csproj", "{F8B9255C-6A54-409C-ABE8-04A5EABC5D19}"
EndProject
Project("{FAE04EC0-301F-11D3-BF4B-00C04F79EFBC}") = "Tyuiu.ZainetdinovRA.Sprint0.Task4.V0.Test", "Tyuiu.ZainetdinovRA.Sprint0.Task4.V0.Test\Tyuiu.ZainetdinovRA.Sprint0.Task4.V0.Test.csproj", "{650C5C44-1477-4D41-B72E-E69F85497E3C}"
EndProject
Project("{2150E333-8FDC-42A3-9474-1A3956D46DE8}") = "Task5", "Task5", "{3B06E133-5915-4B09-AB8C-C1D079273EBA}"
EndProject
Project("{FAE04EC0-301F-11D3-BF4B-00C04F79EFBC}") = "Tyuiu.ZainetdinovRA.Sprint0.Task5.V0", "Tyuiu.ZainetdinovRA.Sprint0.Task5.V0\Tyuiu.ZainetdinovRA.Sprint0.Task5.V0.csproj", "{C8A50B68-E4F2-4C4F-B97F-817CC5BD8ED7}"
EndProject
Project("{FAE04EC0-301F-11D3-BF4B-00C04F79EFBC}") = "Tyuiu.ZainetdinovRA.Sprint0.Task5.V0.Lib", "Tyuiu.ZainetdinovRA.Sprint0.Task5.V0.Lib\Tyuiu.ZainetdinovRA.Sprint0.Task5.V0.Lib.csproj", "{C190C6E2-45FF-452B-83A6-743B21092BED}"
EndProject
Project("{FAE04EC0-301F-11D3-BF4B-00C04F79EFBC}") = "Tyuiu.ZainetdinovRA.Sprint0.Task5.V0.Test", "Tyuiu.ZainetdinovRA.Sprint0.Task5.V0.Test\Tyuiu.ZainetdinovRA.Sprint0.Task5.V0.Test.csproj", "{DCEEE117-BFBE-41E6-95A2-BDFC05E951F4}"
EndProject
Project("{2150E333-8FDC-42A3-9474-1A3956D46DE8}") = "Task6", "Task6", "{DAF73FBB-C233-47F7-A999-5DD4DF4A5972}"
EndProject
Project("{FAE04EC0-301F-11D3-BF4B-00C04F79EFBC}") = "Tyuiu.ZainetdinovRA.Sprint0.Task6.V0", "Tyuiu.ZainetdinovRA.Sprint0.Task6.V0\Tyuiu.ZainetdinovRA.Sprint0.Task6.V0.csproj", "{6371F955-04F9-4531-BC53-D633C6770024}"
EndProject
Project("{FAE04EC0-301F-11D3-BF4B-00C04F79EFBC}") = "Tyuiu.ZainetdinovRA.Sprint0.Task6.V0.Lib", "Tyuiu.ZainetdinovRA.Sprint0.Task6.V0.Lib\Tyuiu.ZainetdinovRA.Sprint0.Task6.V0.Lib.csproj", "{58E49CA3-0846-49AC-B429-D9ABCCFB1382}"
EndProject
Project("{FAE04EC0-301F-11D3-BF4B-00C04F79EFBC}") = "Tyuiu.ZainetdinovRA.Sprint0.Task6.V0.Test", "Tyuiu.ZainetdinovRA.Sprint0.Task6.V0.Test\Tyuiu.ZainetdinovRA.Sprint0.Task6.V0.Test.csproj", "{DBA8A354-B5C5-40E9-8F9E-1A8977DA0A17}"
EndProject
Project("{2150E333-8FDC-42A3-9474-1A3956D46DE8}") = "Task7", "Task7", "{50E4BBDB-1FE1-439C-916F-36306CF93FFE}"
EndProject
Project("{FAE04EC0-301F-11D3-BF4B-00C04F79EFBC}") = "Tyuiu.ZainetdinovRA.Sprint0.Task7.V0", "Tyuiu.ZainetdinovRA.Sprint0.Task7.V0\Tyuiu.ZainetdinovRA.Sprint0.Task7.V0.csproj", "{207917C1-23E8-4313-A568-E05E575BA540}"
EndProject
Project("{FAE04EC0-301F-11D3-BF4B-00C04F79EFBC}") = "Tyuiu.ZainetdinovRA.Sprint0.Task7.V0.Lib", "Tyuiu.ZainetdinovRA.Sprint0.Task7.V0.Lib\Tyuiu.ZainetdinovRA.Sprint0.Task7.V0.Lib.csproj", "{1D7C3276-380A-4B51-A6D7-F5975360B23E}"
EndProject
Project("{FAE04EC0-301F-11D3-BF4B-00C04F79EFBC}") = "Tyuiu.ZainetdinovRA.Sprint0.Task7.V0.Test", "Tyuiu.ZainetdinovRA.Sprint0.Task7.V0.Test\Tyuiu.ZainetdinovRA.Sprint0.Task7.V0.Test.csproj", "{80729502-7FE1-4797-850A-80C77CA51E0B}"
EndProject
Global
	GlobalSection(SolutionConfigurationPlatforms) = preSolution
		Debug|Any CPU = Debug|Any CPU
		Release|Any CPU = Release|Any CPU
	EndGlobalSection
	GlobalSection(ProjectConfigurationPlatforms) = postSolution
		{BDE790C4-0824-4F8F-BF13-72BE13A94108}.Debug|Any CPU.ActiveCfg = Debug|Any CPU
		{BDE790C4-0824-4F8F-BF13-72BE13A94108}.Debug|Any CPU.Build.0 = Debug|Any CPU
		{BDE790C4-0824-4F8F-BF13-72BE13A94108}.Release|Any CPU.ActiveCfg = Release|Any CPU
		{BDE790C4-0824-4F8F-BF13-72BE13A94108}.Release|Any CPU.Build.0 = Release|Any CPU
		{83B26489-0081-442F-BCED-7F15EB8CC6AA}.Debug|Any CPU.ActiveCfg = Debug|Any CPU
		{83B26489-0081-442F-BCED-7F15EB8CC6AA}.Debug|Any CPU.Build.0 = Debug|Any CPU
		{83B26489-0081-442F-BCED-7F15EB8CC6AA}.Release|Any CPU.ActiveCfg = Release|Any CPU
		{83B26489-0081-442F-BCED-7F15EB8CC6AA}.Release|Any CPU.Build.0 = Release|Any CPU
		{F792C730-5B3D-41C1-9ACF-9691F1D90749}.Debug|Any CPU.ActiveCfg = Debug|Any CPU
		{F792C730-5B3D-41C1-9ACF-9691F1D90749}.Debug|Any CPU.Build.0 = Debug|Any CPU
		{F792C730-5B3D-41C1-9ACF-9691F1D90749}.Release|Any CPU.ActiveCfg = Release|Any CPU
		{F792C730-5B3D-41C1-9ACF-9691F1D90749}.Release|Any CPU.Build.0 = Release|Any CPU
		{1C12EE69-F662-4336-9ADE-3B1645A7114C}.Debug|Any CPU.ActiveCfg = Debug|Any CPU
		{1C12EE69-F662-4336-9ADE-3B1645A7114C}.Debug|Any CPU.Build.0 = Debug|Any CPU
		{1C12EE69-F662-4336-9ADE-3B1645A7114C}.Release|Any CPU.ActiveCfg = Release|Any CPU
		{1C12EE69-F662-4336-9ADE-3B1645A7114C}.Release|Any CPU.Build.0 = Release|Any CPU
		{E55676EE-2434-4F7B-89B6-F65546533DE4}.Debug|Any CPU.ActiveCfg = Debug|Any CPU
		{E55676EE-2434-4F7B-89B6-F65546533DE4}.Debug|Any CPU.Build.0 = Debug|Any CPU
		{E55676EE-2434-4F7B-89B6-F65546533DE4}.Release|Any CPU.ActiveCfg = Release|Any CPU
		{E55676EE-2434-4F7B-89B6-F65546533DE4}.Release|Any CPU.Build.0 = Release|Any CPU
		{20F51B5F-B93E-4480-9762-1362A1509DDD}.Debug|Any CPU.ActiveCfg = Debug|Any CPU
		{20F51B5F-B93E-4480-9762-1362A1509DDD}.Debug|Any CPU.Build.0 = Debug|Any CPU
		{20F51B5F-B93E-4480-9762-1362A1509DDD}.Release|Any CPU.ActiveCfg = Release|Any CPU
		{20F51B5F-B93E-4480-9762-1362A1509DDD}.Release|Any CPU.Build.0 = Release|Any CPU
		{ABEEA71B-ED4F-4820-9760-CF92EB137570}.Debug|Any CPU.ActiveCfg = Debug|Any CPU
		{ABEEA71B-ED4F-4820-9760-CF92EB137570}.Debug|Any CPU.Build.0 = Debug|Any CPU
		{ABEEA71B-ED4F-4820-9760-CF92EB137570}.Release|Any CPU.ActiveCfg = Release|Any CPU
		{ABEEA71B-ED4F-4820-9760-CF92EB137570}.Release|Any CPU.Build.0 = Release|Any CPU
		{823C4927-AC59-4DB6-89C5-15CEDFB2E4A5}.Debug|Any CPU.ActiveCfg = Debug|Any CPU
		{823C4927-AC59-4DB6-89C5-15CEDFB2E4A5}.Debug|Any CPU.Build.0 = Debug|Any CPU
		{823C4927-AC59-4DB6-89C5-15CEDFB2E4A5}.Release|Any CPU.ActiveCfg = Release|Any CPU
		{823C4927-AC59-4DB6-89C5-15CEDFB2E4A5}.Release|Any CPU.Build.0 = Release|Any CPU
		{5F5B9412-DA97-4C9B-9B85-6EFCED376D58}.Debug|Any CPU.ActiveCfg = Debug|Any CPU
		{5F5B9412-DA97-4C9B-9B85-6EFCED376D58}.Debug|Any CPU.Build.0 = Debug|Any CPU
		{5F5B9412-DA97-4C9B-9B85-6EFCED376D58}.Release|Any CPU.ActiveCfg = Release|Any CPU
		{5F5B9412-DA97-4C9B-9B85-6EFCED376D58}.Release|Any CPU.Build.0 = Release|Any CPU
		{F8B9255C-6A54-409C-ABE8-04A5EABC5D19}.Debug|Any CPU.ActiveCfg = Debug|Any CPU
		{F8B9255C-6A54-409C-ABE8-04A5EABC5D19}.Debug|Any CPU.Build.0 = Debug|Any CPU
		{F8B9255C-6A54-409C-ABE8-04A5EABC5D19}.Release|Any CPU.ActiveCfg = Release|Any CPU
		{F8B9255C-6A54-409C-ABE8-04A5EABC5D19}.Release|Any CPU.Build.0 = Release|Any CPU
		{650C5C44-1477-4D41-B72E-E69F85497E3C}.Debug|Any CPU.ActiveCfg = Debug|Any CPU
		{650C5C44-1477-4D41-B72E-E69F85497E3C}.Debug|Any CPU.Build.0 = Debug|Any CPU
		{650C5C44-1477-4D41-B72E-E69F85497E3C}.Release|Any CPU.ActiveCfg = Release|Any CPU
		{650C5C44-1477-4D41-B72E-E69F85497E3C}.Release|Any CPU.Build.0 = Release|Any CPU
		{C8A50B68-E4F2-4C4F-B97F-817CC5BD8ED7}.Debug|Any CPU.ActiveCfg = Debug|Any CPU
		{C8A50B68-E4F2-4C4F-B97F-817CC5BD8ED7}.Debug|Any CPU.Build.0 = Debug|Any CPU
		{C8A50B68-E4F2-4C4F-B97F-817CC5BD8ED7}.Release|Any CPU.ActiveCfg = Release|Any CPU
		{C8A50B68-E4F2-4C4F-B97F-817CC5BD8ED7}.Release|Any CPU.Build.0 = Release|Any CPU
		{C190C6E2-45FF-452B-83A6-743B21092BED}.Debug|Any CPU.ActiveCfg = Debug|Any CPU
		{C190C6E2-45FF-452B-83A6-743B21092BED}.Debug|Any CPU.Build.0 = Debug|Any CPU
		{C190C6E2-45FF-452B-83A6-743B21092BED}.Release|Any CPU.ActiveCfg = Release|Any CPU
		{C190C6E2-45FF-452B-83A6-743B21092BED}.Release|Any CPU.Build.0 = Release|Any CPU
		{DCEEE117-BFBE-41E6-95A2-BDFC05E951F4}.Debug|Any CPU.ActiveCfg = Debug|Any CPU
		{DCEEE117-BFBE-41E6-95A2-BDFC05E951F4}.Debug|Any CPU.Build.0 = Debug|Any CPU
		{DCEEE117-BFBE-41E6-95A2-BDFC05E951F4}.Release|Any CPU.ActiveCfg = Release|Any CPU
		{DCEEE117-BFBE-41E6-95A2-BDFC05E951F4}.Release|Any CPU.Build.0 = Release|Any CPU
		{6371F955-04F9-4531-BC53-D633C6770024}.Debug|Any CPU.ActiveCfg = Debug|Any CPU
		{6371F955-04F9-4531-BC53-D633C6770024}.Debug|Any CPU.Build.0 = Debug|Any CPU
		{6371F955-04F9-4531-BC53-D633C6770024}.Release|Any CPU.ActiveCfg = Release|Any CPU
		{6371F955-04F9-4531-BC53-D633C6770024}.Release|Any CPU.Build.0 = Release|Any CPU
		{58E49CA3-0846-49AC-B429-D9ABCCFB1382}.Debug|Any CPU.ActiveCfg = Debug|Any CPU
		{58E49CA3-0846-49AC-B429-D9ABCCFB1382}.Debug|Any CPU.Build.0 = Debug|Any CPU
		{58E49CA3-0846-49AC-B429-D9ABCCFB1382}.Release|Any CPU.ActiveCfg = Release|Any CPU
		{58E49CA3-0846-49AC-B429-D9ABCCFB1382}.Release|Any CPU.Build.0 = Release|Any CPU
		{DBA8A354-B5C5-40E9-8F9E-1A8977DA0A17}.Debug|Any CPU.ActiveCfg = Debug|Any CPU
		{DBA8A354-B5C5-40E9-8F9E-1A8977DA0A17}.Debug|Any CPU.Build.0 = Debug|Any CPU
		{DBA8A354-B5C5-40E9-8F9E-1A8977DA0A17}.Release|Any CPU.ActiveCfg = Release|Any CPU
		{DBA8A354-B5C5-40E9-8F9E-1A8977DA0A17}.Release|Any CPU.Build.0 = Release|Any CPU
		{207917C1-23E8-4313-A568-E05E575BA540}.Debug|Any CPU.ActiveCfg = Debug|Any CPU
		{207917C1-23E8-4313-A568-E05E575BA540}.Debug|Any CPU.Build.0 = Debug|Any CPU
		{207917C1-23E8-4313-A568-E05E575BA540}.Release|Any CPU.ActiveCfg = Release|Any CPU
		{207917C1-23E8-4313-A568-E05E575BA540}.Release|Any CPU.Build.0 = Release|Any CPU
		{1D7C3276-380A-4B51-A6D7-F5975360B23E}.Debug|Any CPU.ActiveCfg = Debug|Any CPU
		{1D7C3276-380A-4B51-A6D7-F5975360B23E}.Debug|Any CPU.Build.0 = Debug|Any CPU
		{1D7C3276-380A-4B51-A6D7-F5975360B23E}.Release|Any CPU.ActiveCfg = Release|Any CPU
		{1D7C3276-380A-4B51-A6D7-F5975360B23E}.Release|Any CPU.Build.0 = Release|Any CPU
		{80729502-7FE1-4797-850A-80C77CA51E0B}.Debug|Any CPU.ActiveCfg = Debug|Any CPU
		{80729502-7FE1-4797-850A-80C77CA51E0B}.Debug|Any CPU.Build.0 = Debug|Any CPU
		{80729502-7FE1-4797-850A-80C77CA51E0B}.Release|Any CPU.ActiveCfg = Release|Any CPU
		{80729502-7FE1-4797-850A-80C77CA51E0B}.Release|Any CPU.Build.0 = Release|Any CPU
	EndGlobalSection
	GlobalSection(SolutionProperties) = preSolution
		HideSolutionNode = FALSE
	EndGlobalSection
	GlobalSection(NestedProjects) = preSolution
		{BDE790C4-0824-4F8F-BF13-72BE13A94108} = {4B36B9E4-C585-4161-B4F8-0D3CAE0D7366}
		{83B26489-0081-442F-BCED-7F15EB8CC6AA} = {2F444AE1-29FD-4008-B808-ED0A572B82EF}
		{F792C730-5B3D-41C1-9ACF-9691F1D90749} = {A314AAE7-C956-4B1D-BDAC-8734E0181E55}
		{1C12EE69-F662-4336-9ADE-3B1645A7114C} = {A314AAE7-C956-4B1D-BDAC-8734E0181E55}
		{E55676EE-2434-4F7B-89B6-F65546533DE4} = {A314AAE7-C956-4B1D-BDAC-8734E0181E55}
		{20F51B5F-B93E-4480-9762-1362A1509DDD} = {FC13BD8D-7117-4DF8-8CF4-39A8274FE459}
		{ABEEA71B-ED4F-4820-9760-CF92EB137570} = {FC13BD8D-7117-4DF8-8CF4-39A8274FE459}
		{823C4927-AC59-4DB6-89C5-15CEDFB2E4A5} = {FC13BD8D-7117-4DF8-8CF4-39A8274FE459}
		{5F5B9412-DA97-4C9B-9B85-6EFCED376D58} = {6653CB71-91A9-41C7-B6A2-B2984773B61D}
		{F8B9255C-6A54-409C-ABE8-04A5EABC5D19} = {6653CB71-91A9-41C7-B6A2-B2984773B61D}
		{650C5C44-1477-4D41-B72E-E69F85497E3C} = {6653CB71-91A9-41C7-B6A2-B2984773B61D}
		{C8A50B68-E4F2-4C4F-B97F-817CC5BD8ED7} = {3B06E133-5915-4B09-AB8C-C1D079273EBA}
		{C190C6E2-45FF-452B-83A6-743B21092BED} = {3B06E133-5915-4B09-AB8C-C1D079273EBA}
		{DCEEE117-BFBE-41E6-95A2-BDFC05E951F4} = {3B06E133-5915-4B09-AB8C-C1D079273EBA}
		{6371F955-04F9-4531-BC53-D633C6770024} = {DAF73FBB-C233-47F7-A999-5DD4DF4A5972}
		{58E49CA3-0846-49AC-B429-D9ABCCFB1382} = {DAF73FBB-C233-47F7-A999-5DD4DF4A5972}
		{DBA8A354-B5C5-40E9-8F9E-1A8977DA0A17} = {DAF73FBB-C233-47F7-A999-5DD4DF4A5972}
		{207917C1-23E8-4313-A568-E05E575BA540} = {50E4BBDB-1FE1-439C-916F-36306CF93FFE}
		{1D7C3276-380A-4B51-A6D7-F5975360B23E} = {50E4BBDB-1FE1-439C-916F-36306CF93FFE}
		{80729502-7FE1-4797-850A-80C77CA51E0B} = {50E4BBDB-1FE1-439C-916F-36306CF93FFE}
	EndGlobalSection
	GlobalSection(ExtensibilityGlobals) = postSolution
		SolutionGuid = {7C4D688B-F67A-4AC4-87EE-BE73BBF08DD8}
	EndGlobalSection
EndGlobal
